
Microsoft Visual Studio Solution File, Format Version 12.00
# Visual Studio Version 17
VisualStudioVersion = 17.10.34928.147
MinimumVisualStudioVersion = 10.0.40219.1
Project("{FAE04EC0-301F-11D3-BF4B-00C04F79EFBC}") = "TemperatureConverter", "TemperatureConverter.csproj", "{06C68CDB-E237-41DA-94C7-E30DA1ABA9DE}"
EndProject
Global
	GlobalSection(SolutionConfigurationPlatforms) = preSolution
		Debug|Any CPU = Debug|Any CPU
		Release|Any CPU = Release|Any CPU
	EndGlobalSection
	GlobalSection(ProjectConfigurationPlatforms) = postSolution
		{06C68CDB-E237-41DA-94C7-E30DA1ABA9DE}.Debug|Any CPU.ActiveCfg = Debug|Any CPU
		{06C68CDB-E237-41DA-94C7-E30DA1ABA9DE}.Debug|Any CPU.Build.0 = Debug|Any CPU
		{06C68CDB-E237-41DA-94C7-E30DA1ABA9DE}.Release|Any CPU.ActiveCfg = Release|Any CPU
		{06C68CDB-E237-41DA-94C7-E30DA1ABA9DE}.Release|Any CPU.Build.0 = Release|Any CPU
	EndGlobalSection
	GlobalSection(SolutionProperties) = preSolution
		HideSolutionNode = FALSE
	EndGlobalSection
	GlobalSection(ExtensibilityGlobals) = postSolution
		SolutionGuid = {03A091D4-6459-42EA-A3F4-90A6CEC44718}
	EndGlobalSection
EndGlobal
